
Microsoft Visual Studio Solution File, Format Version 12.00
# Visual Studio Version 17
VisualStudioVersion = 17.11.35312.102
MinimumVisualStudioVersion = 10.0.40219.1
Project("{9A19103F-16F7-4668-BE54-9A1E7A4F7556}") = "FlashCard", "FlashCard\FlashCard.csproj", "{13E0FB01-C03A-48CA-8BD3-B3F04DC50936}"
EndProject
Project("{9A19103F-16F7-4668-BE54-9A1E7A4F7556}") = "DataImporter", "DataImporter\DataImporter.csproj", "{B8BEFFE1-F961-47D3-A3E3-B729D671176A}"
EndProject
Project("{FAE04EC0-301F-11D3-BF4B-00C04F79EFBC}") = "UnitTests", "UnitTests\UnitTests.csproj", "{3AB1A850-0A7C-42A6-88B2-B21BC2263976}"
EndProject
Project("{FAE04EC0-301F-11D3-BF4B-00C04F79EFBC}") = "FlashCard.Configuration", "FlashCard.Configuration\FlashCard.Configuration.csproj", "{74325E97-F5DF-4C93-89EC-E63E2CA9A0E0}"
EndProject
Project("{54A90642-561A-4BB1-A94E-469ADEE60C69}") = "flashcard.ui", "flashcard.ui\flashcard.ui.esproj", "{0F6B3D58-9675-4BB2-A2EE-4B64312BE991}"
EndProject
Global
	GlobalSection(SolutionConfigurationPlatforms) = preSolution
		Debug|Any CPU = Debug|Any CPU
		Release|Any CPU = Release|Any CPU
	EndGlobalSection
	GlobalSection(ProjectConfigurationPlatforms) = postSolution
		{13E0FB01-C03A-48CA-8BD3-B3F04DC50936}.Debug|Any CPU.ActiveCfg = Debug|Any CPU
		{13E0FB01-C03A-48CA-8BD3-B3F04DC50936}.Debug|Any CPU.Build.0 = Debug|Any CPU
		{13E0FB01-C03A-48CA-8BD3-B3F04DC50936}.Release|Any CPU.ActiveCfg = Release|Any CPU
		{13E0FB01-C03A-48CA-8BD3-B3F04DC50936}.Release|Any CPU.Build.0 = Release|Any CPU
		{B8BEFFE1-F961-47D3-A3E3-B729D671176A}.Debug|Any CPU.ActiveCfg = Debug|Any CPU
		{B8BEFFE1-F961-47D3-A3E3-B729D671176A}.Debug|Any CPU.Build.0 = Debug|Any CPU
		{B8BEFFE1-F961-47D3-A3E3-B729D671176A}.Release|Any CPU.ActiveCfg = Release|Any CPU
		{B8BEFFE1-F961-47D3-A3E3-B729D671176A}.Release|Any CPU.Build.0 = Release|Any CPU
		{3AB1A850-0A7C-42A6-88B2-B21BC2263976}.Debug|Any CPU.ActiveCfg = Debug|Any CPU
		{3AB1A850-0A7C-42A6-88B2-B21BC2263976}.Debug|Any CPU.Build.0 = Debug|Any CPU
		{3AB1A850-0A7C-42A6-88B2-B21BC2263976}.Release|Any CPU.ActiveCfg = Release|Any CPU
		{3AB1A850-0A7C-42A6-88B2-B21BC2263976}.Release|Any CPU.Build.0 = Release|Any CPU
		{74325E97-F5DF-4C93-89EC-E63E2CA9A0E0}.Debug|Any CPU.ActiveCfg = Debug|Any CPU
		{74325E97-F5DF-4C93-89EC-E63E2CA9A0E0}.Debug|Any CPU.Build.0 = Debug|Any CPU
		{74325E97-F5DF-4C93-89EC-E63E2CA9A0E0}.Release|Any CPU.ActiveCfg = Release|Any CPU
		{74325E97-F5DF-4C93-89EC-E63E2CA9A0E0}.Release|Any CPU.Build.0 = Release|Any CPU
		{0F6B3D58-9675-4BB2-A2EE-4B64312BE991}.Debug|Any CPU.ActiveCfg = Debug|Any CPU
		{0F6B3D58-9675-4BB2-A2EE-4B64312BE991}.Debug|Any CPU.Build.0 = Debug|Any CPU
		{0F6B3D58-9675-4BB2-A2EE-4B64312BE991}.Debug|Any CPU.Deploy.0 = Debug|Any CPU
		{0F6B3D58-9675-4BB2-A2EE-4B64312BE991}.Release|Any CPU.ActiveCfg = Release|Any CPU
		{0F6B3D58-9675-4BB2-A2EE-4B64312BE991}.Release|Any CPU.Build.0 = Release|Any CPU
		{0F6B3D58-9675-4BB2-A2EE-4B64312BE991}.Release|Any CPU.Deploy.0 = Release|Any CPU
	EndGlobalSection
	GlobalSection(SolutionProperties) = preSolution
		HideSolutionNode = FALSE
	EndGlobalSection
	GlobalSection(ExtensibilityGlobals) = postSolution
		SolutionGuid = {B4EED99E-EE92-4954-B05A-507359F027E7}
	EndGlobalSection
EndGlobal
